
Microsoft Visual Studio Solution File, Format Version 12.00
# Visual Studio Version 16
VisualStudioVersion = 16.0.31105.61
MinimumVisualStudioVersion = 10.0.40219.1
Project("{FAE04EC0-301F-11D3-BF4B-00C04F79EFBC}") = "KNB", "KNB\KNB.csproj", "{3F2913EC-A484-4E38-8D45-39FA2935F4A4}"
EndProject
Global
	GlobalSection(SolutionConfigurationPlatforms) = preSolution
		Debug|Any CPU = Debug|Any CPU
		Release|Any CPU = Release|Any CPU
	EndGlobalSection
	GlobalSection(ProjectConfigurationPlatforms) = postSolution
		{3F2913EC-A484-4E38-8D45-39FA2935F4A4}.Debug|Any CPU.ActiveCfg = Debug|Any CPU
		{3F2913EC-A484-4E38-8D45-39FA2935F4A4}.Debug|Any CPU.Build.0 = Debug|Any CPU
		{3F2913EC-A484-4E38-8D45-39FA2935F4A4}.Release|Any CPU.ActiveCfg = Release|Any CPU
		{3F2913EC-A484-4E38-8D45-39FA2935F4A4}.Release|Any CPU.Build.0 = Release|Any CPU
	EndGlobalSection
	GlobalSection(SolutionProperties) = preSolution
		HideSolutionNode = FALSE
	EndGlobalSection
	GlobalSection(ExtensibilityGlobals) = postSolution
		SolutionGuid = {408A1845-83A4-4AD7-9780-AE5293A047FD}
	EndGlobalSection
EndGlobal
